
Microsoft Visual Studio Solution File, Format Version 12.00
# Visual Studio Version 17
VisualStudioVersion = 17.2.32526.322
MinimumVisualStudioVersion = 10.0.40219.1
Project("{2150E333-8FDC-42A3-9474-1A3956D46DE8}") = "src", "src", "{3A7D320F-0E5D-495D-A4B6-C9212B0AD654}"
EndProject
Project("{2150E333-8FDC-42A3-9474-1A3956D46DE8}") = "API", "API", "{9A7FDE66-8CE0-4FA0-AD60-5FA379513667}"
EndProject
Project("{2150E333-8FDC-42A3-9474-1A3956D46DE8}") = "Application", "Application", "{4B094CC8-23EE-464D-92D9-4AA702C30F12}"
EndProject
Project("{2150E333-8FDC-42A3-9474-1A3956D46DE8}") = "Domain", "Domain", "{EA91C974-725F-4332-9C04-AEAD4C3E9E92}"
EndProject
Project("{2150E333-8FDC-42A3-9474-1A3956D46DE8}") = "Infrastructure", "Infrastructure", "{2B5FCD87-93D7-4199-9A62-C7836DA61525}"
EndProject
Project("{9A19103F-16F7-4668-BE54-9A1E7A4F7556}") = "LocacaoMoto.Api", "src\Api\LocacaoMoto.Api\LocacaoMoto.Api.csproj", "{F1072AA0-3204-4481-94E5-9AE92F7B8B57}"
EndProject
Project("{9A19103F-16F7-4668-BE54-9A1E7A4F7556}") = "LocacaoMoto.Application", "src\Application\LocacaoMoto.Application\LocacaoMoto.Application.csproj", "{9470AA1B-DD5C-489A-86E2-5D40AD973972}"
EndProject
Project("{9A19103F-16F7-4668-BE54-9A1E7A4F7556}") = "LocacaoMoto.Domain", "src\Domain\LocacaoMoto.Domain\LocacaoMoto.Domain.csproj", "{8ACDE4E8-4252-4CDA-9B73-A0F2F7E1E801}"
EndProject
Project("{9A19103F-16F7-4668-BE54-9A1E7A4F7556}") = "LocacaoMoto.Infrastructure", "src\Infrastructure\LocacaoMoto.Infrastructure\LocacaoMoto.Infrastructure.csproj", "{7593CEB7-3A8F-43E4-A5C2-5260B2D52ECE}"
EndProject
Project("{9A19103F-16F7-4668-BE54-9A1E7A4F7556}") = "LocacaoMoto.IoC", "src\IoC\LocacaoMoto.IoC\LocacaoMoto.IoC.csproj", "{4EAED336-6E1A-43F5-B758-7D4DBC980E9A}"
EndProject
Project("{2150E333-8FDC-42A3-9474-1A3956D46DE8}") = "IoC", "IoC", "{A7DEDCBE-73DF-45A6-9439-B27F7B42DA57}"
EndProject
Project("{2150E333-8FDC-42A3-9474-1A3956D46DE8}") = "Consumer", "Consumer", "{9ED4AC75-8312-4104-BC36-C52159A1C67B}"
EndProject
Project("{FAE04EC0-301F-11D3-BF4B-00C04F79EFBC}") = "LocacaoMoto.Consumer", "LocacaoMoto.Consumer\LocacaoMoto.Consumer.csproj", "{52C40FDB-CBFA-46E0-96CC-67879AD66D89}"
EndProject
Project("{2150E333-8FDC-42A3-9474-1A3956D46DE8}") = "tests", "tests", "{33577A47-3FB7-4647-8139-BD0BCD537ACE}"
EndProject
Project("{FAE04EC0-301F-11D3-BF4B-00C04F79EFBC}") = "LocacaoMoto.Tests", "tests\LocacaoMoto.Tests\LocacaoMoto.Tests.csproj", "{B0ED91F6-A857-441D-B128-C9A303B1FAF0}"
EndProject
Global
	GlobalSection(SolutionConfigurationPlatforms) = preSolution
		Debug|Any CPU = Debug|Any CPU
		Release|Any CPU = Release|Any CPU
	EndGlobalSection
	GlobalSection(ProjectConfigurationPlatforms) = postSolution
		{F1072AA0-3204-4481-94E5-9AE92F7B8B57}.Debug|Any CPU.ActiveCfg = Debug|Any CPU
		{F1072AA0-3204-4481-94E5-9AE92F7B8B57}.Debug|Any CPU.Build.0 = Debug|Any CPU
		{F1072AA0-3204-4481-94E5-9AE92F7B8B57}.Release|Any CPU.ActiveCfg = Release|Any CPU
		{F1072AA0-3204-4481-94E5-9AE92F7B8B57}.Release|Any CPU.Build.0 = Release|Any CPU
		{9470AA1B-DD5C-489A-86E2-5D40AD973972}.Debug|Any CPU.ActiveCfg = Debug|Any CPU
		{9470AA1B-DD5C-489A-86E2-5D40AD973972}.Debug|Any CPU.Build.0 = Debug|Any CPU
		{9470AA1B-DD5C-489A-86E2-5D40AD973972}.Release|Any CPU.ActiveCfg = Release|Any CPU
		{9470AA1B-DD5C-489A-86E2-5D40AD973972}.Release|Any CPU.Build.0 = Release|Any CPU
		{8ACDE4E8-4252-4CDA-9B73-A0F2F7E1E801}.Debug|Any CPU.ActiveCfg = Debug|Any CPU
		{8ACDE4E8-4252-4CDA-9B73-A0F2F7E1E801}.Debug|Any CPU.Build.0 = Debug|Any CPU
		{8ACDE4E8-4252-4CDA-9B73-A0F2F7E1E801}.Release|Any CPU.ActiveCfg = Release|Any CPU
		{8ACDE4E8-4252-4CDA-9B73-A0F2F7E1E801}.Release|Any CPU.Build.0 = Release|Any CPU
		{7593CEB7-3A8F-43E4-A5C2-5260B2D52ECE}.Debug|Any CPU.ActiveCfg = Debug|Any CPU
		{7593CEB7-3A8F-43E4-A5C2-5260B2D52ECE}.Debug|Any CPU.Build.0 = Debug|Any CPU
		{7593CEB7-3A8F-43E4-A5C2-5260B2D52ECE}.Release|Any CPU.ActiveCfg = Release|Any CPU
		{7593CEB7-3A8F-43E4-A5C2-5260B2D52ECE}.Release|Any CPU.Build.0 = Release|Any CPU
		{4EAED336-6E1A-43F5-B758-7D4DBC980E9A}.Debug|Any CPU.ActiveCfg = Debug|Any CPU
		{4EAED336-6E1A-43F5-B758-7D4DBC980E9A}.Debug|Any CPU.Build.0 = Debug|Any CPU
		{4EAED336-6E1A-43F5-B758-7D4DBC980E9A}.Release|Any CPU.ActiveCfg = Release|Any CPU
		{4EAED336-6E1A-43F5-B758-7D4DBC980E9A}.Release|Any CPU.Build.0 = Release|Any CPU
		{52C40FDB-CBFA-46E0-96CC-67879AD66D89}.Debug|Any CPU.ActiveCfg = Debug|Any CPU
		{52C40FDB-CBFA-46E0-96CC-67879AD66D89}.Debug|Any CPU.Build.0 = Debug|Any CPU
		{52C40FDB-CBFA-46E0-96CC-67879AD66D89}.Release|Any CPU.ActiveCfg = Release|Any CPU
		{52C40FDB-CBFA-46E0-96CC-67879AD66D89}.Release|Any CPU.Build.0 = Release|Any CPU
		{B0ED91F6-A857-441D-B128-C9A303B1FAF0}.Debug|Any CPU.ActiveCfg = Debug|Any CPU
		{B0ED91F6-A857-441D-B128-C9A303B1FAF0}.Debug|Any CPU.Build.0 = Debug|Any CPU
		{B0ED91F6-A857-441D-B128-C9A303B1FAF0}.Release|Any CPU.ActiveCfg = Release|Any CPU
		{B0ED91F6-A857-441D-B128-C9A303B1FAF0}.Release|Any CPU.Build.0 = Release|Any CPU
	EndGlobalSection
	GlobalSection(SolutionProperties) = preSolution
		HideSolutionNode = FALSE
	EndGlobalSection
	GlobalSection(NestedProjects) = preSolution
		{9A7FDE66-8CE0-4FA0-AD60-5FA379513667} = {3A7D320F-0E5D-495D-A4B6-C9212B0AD654}
		{4B094CC8-23EE-464D-92D9-4AA702C30F12} = {3A7D320F-0E5D-495D-A4B6-C9212B0AD654}
		{EA91C974-725F-4332-9C04-AEAD4C3E9E92} = {3A7D320F-0E5D-495D-A4B6-C9212B0AD654}
		{2B5FCD87-93D7-4199-9A62-C7836DA61525} = {3A7D320F-0E5D-495D-A4B6-C9212B0AD654}
		{F1072AA0-3204-4481-94E5-9AE92F7B8B57} = {9A7FDE66-8CE0-4FA0-AD60-5FA379513667}
		{9470AA1B-DD5C-489A-86E2-5D40AD973972} = {4B094CC8-23EE-464D-92D9-4AA702C30F12}
		{8ACDE4E8-4252-4CDA-9B73-A0F2F7E1E801} = {EA91C974-725F-4332-9C04-AEAD4C3E9E92}
		{7593CEB7-3A8F-43E4-A5C2-5260B2D52ECE} = {2B5FCD87-93D7-4199-9A62-C7836DA61525}
		{4EAED336-6E1A-43F5-B758-7D4DBC980E9A} = {A7DEDCBE-73DF-45A6-9439-B27F7B42DA57}
		{A7DEDCBE-73DF-45A6-9439-B27F7B42DA57} = {3A7D320F-0E5D-495D-A4B6-C9212B0AD654}
		{9ED4AC75-8312-4104-BC36-C52159A1C67B} = {3A7D320F-0E5D-495D-A4B6-C9212B0AD654}
		{52C40FDB-CBFA-46E0-96CC-67879AD66D89} = {9ED4AC75-8312-4104-BC36-C52159A1C67B}
		{B0ED91F6-A857-441D-B128-C9A303B1FAF0} = {33577A47-3FB7-4647-8139-BD0BCD537ACE}
	EndGlobalSection
	GlobalSection(ExtensibilityGlobals) = postSolution
		SolutionGuid = {F8D71153-2B2A-4A9B-8675-7C1104DA1786}
	EndGlobalSection
EndGlobal
